
Microsoft Visual Studio Solution File, Format Version 12.00
Project("{FAE04EC0-301F-11D3-BF4B-00C04F79EFBC}") = "BenjcoreUtil", "BenjcoreUtil.csproj", "{37A3C15F-3904-4437-B00F-2E2B89C5DCB3}"
EndProject
Project("{FAE04EC0-301F-11D3-BF4B-00C04F79EFBC}") = "UnitTests", "UnitTests\UnitTests.csproj", "{E1725E3D-9F40-4C5A-96BE-4B9D2EE90176}"
EndProject
Global
	GlobalSection(SolutionConfigurationPlatforms) = preSolution
		Debug|Any CPU = Debug|Any CPU
		Release|Any CPU = Release|Any CPU
	EndGlobalSection
	GlobalSection(ProjectConfigurationPlatforms) = postSolution
		{37A3C15F-3904-4437-B00F-2E2B89C5DCB3}.Debug|Any CPU.ActiveCfg = Debug|Any CPU
		{37A3C15F-3904-4437-B00F-2E2B89C5DCB3}.Debug|Any CPU.Build.0 = Debug|Any CPU
		{37A3C15F-3904-4437-B00F-2E2B89C5DCB3}.Release|Any CPU.ActiveCfg = Release|Any CPU
		{37A3C15F-3904-4437-B00F-2E2B89C5DCB3}.Release|Any CPU.Build.0 = Release|Any CPU
		{E1725E3D-9F40-4C5A-96BE-4B9D2EE90176}.Debug|Any CPU.ActiveCfg = Debug|Any CPU
		{E1725E3D-9F40-4C5A-96BE-4B9D2EE90176}.Debug|Any CPU.Build.0 = Debug|Any CPU
		{E1725E3D-9F40-4C5A-96BE-4B9D2EE90176}.Release|Any CPU.ActiveCfg = Release|Any CPU
		{E1725E3D-9F40-4C5A-96BE-4B9D2EE90176}.Release|Any CPU.Build.0 = Release|Any CPU
	EndGlobalSection
EndGlobal
